
Microsoft Visual Studio Solution File, Format Version 12.00
# Visual Studio Version 17
VisualStudioVersion = 17.4.33205.214
MinimumVisualStudioVersion = 10.0.40219.1
Project("{FAE04EC0-301F-11D3-BF4B-00C04F79EFBC}") = "FormUI", "FormUI\FormUI.csproj", "{1480440E-972C-4A8A-A62F-6DFDD5B9B84A}"
EndProject
Project("{00D1A9C2-B5F0-4AF3-8072-F6C62B433612}") = "Data", "Data\Data.sqlproj", "{E5CC4B77-FCF3-4F03-8B09-EC3BBE05B1A9}"
EndProject
Global
	GlobalSection(SolutionConfigurationPlatforms) = preSolution
		Debug|Any CPU = Debug|Any CPU
		Release|Any CPU = Release|Any CPU
	EndGlobalSection
	GlobalSection(ProjectConfigurationPlatforms) = postSolution
		{1480440E-972C-4A8A-A62F-6DFDD5B9B84A}.Debug|Any CPU.ActiveCfg = Debug|Any CPU
		{1480440E-972C-4A8A-A62F-6DFDD5B9B84A}.Debug|Any CPU.Build.0 = Debug|Any CPU
		{1480440E-972C-4A8A-A62F-6DFDD5B9B84A}.Release|Any CPU.ActiveCfg = Release|Any CPU
		{1480440E-972C-4A8A-A62F-6DFDD5B9B84A}.Release|Any CPU.Build.0 = Release|Any CPU
		{E5CC4B77-FCF3-4F03-8B09-EC3BBE05B1A9}.Debug|Any CPU.ActiveCfg = Debug|Any CPU
		{E5CC4B77-FCF3-4F03-8B09-EC3BBE05B1A9}.Debug|Any CPU.Build.0 = Debug|Any CPU
		{E5CC4B77-FCF3-4F03-8B09-EC3BBE05B1A9}.Debug|Any CPU.Deploy.0 = Debug|Any CPU
		{E5CC4B77-FCF3-4F03-8B09-EC3BBE05B1A9}.Release|Any CPU.ActiveCfg = Release|Any CPU
		{E5CC4B77-FCF3-4F03-8B09-EC3BBE05B1A9}.Release|Any CPU.Build.0 = Release|Any CPU
		{E5CC4B77-FCF3-4F03-8B09-EC3BBE05B1A9}.Release|Any CPU.Deploy.0 = Release|Any CPU
	EndGlobalSection
	GlobalSection(SolutionProperties) = preSolution
		HideSolutionNode = FALSE
	EndGlobalSection
	GlobalSection(ExtensibilityGlobals) = postSolution
		SolutionGuid = {D98D60E8-D236-495E-BAC6-8CEBCD6270DF}
	EndGlobalSection
EndGlobal
